
Microsoft Visual Studio Solution File, Format Version 12.00
# Visual Studio Version 16
VisualStudioVersion = 16.0.30128.74
MinimumVisualStudioVersion = 10.0.40219.1
Project("{FAE04EC0-301F-11D3-BF4B-00C04F79EFBC}") = "zadanieDodatkowe1", "zadanieDodatkowe1\zadanieDodatkowe1.csproj", "{37E9DB15-C2E8-482A-8C5B-9A2992FD9A47}"
EndProject
Project("{FAE04EC0-301F-11D3-BF4B-00C04F79EFBC}") = "CustomButton", "CustomButton\CustomButton.csproj", "{66FA2D9E-350D-465B-823F-19DD93845260}"
EndProject
Project("{2150E333-8FDC-42A3-9474-1A3956D46DE8}") = "Solution Items", "Solution Items", "{CA53DA3F-30B1-4FE3-8A94-653460904DA0}"
EndProject
Global
	GlobalSection(SolutionConfigurationPlatforms) = preSolution
		Debug|Any CPU = Debug|Any CPU
		Release|Any CPU = Release|Any CPU
	EndGlobalSection
	GlobalSection(ProjectConfigurationPlatforms) = postSolution
		{37E9DB15-C2E8-482A-8C5B-9A2992FD9A47}.Debug|Any CPU.ActiveCfg = Debug|Any CPU
		{37E9DB15-C2E8-482A-8C5B-9A2992FD9A47}.Debug|Any CPU.Build.0 = Debug|Any CPU
		{37E9DB15-C2E8-482A-8C5B-9A2992FD9A47}.Release|Any CPU.ActiveCfg = Release|Any CPU
		{37E9DB15-C2E8-482A-8C5B-9A2992FD9A47}.Release|Any CPU.Build.0 = Release|Any CPU
		{66FA2D9E-350D-465B-823F-19DD93845260}.Debug|Any CPU.ActiveCfg = Debug|Any CPU
		{66FA2D9E-350D-465B-823F-19DD93845260}.Debug|Any CPU.Build.0 = Debug|Any CPU
		{66FA2D9E-350D-465B-823F-19DD93845260}.Release|Any CPU.ActiveCfg = Release|Any CPU
		{66FA2D9E-350D-465B-823F-19DD93845260}.Release|Any CPU.Build.0 = Release|Any CPU
	EndGlobalSection
	GlobalSection(SolutionProperties) = preSolution
		HideSolutionNode = FALSE
	EndGlobalSection
	GlobalSection(ExtensibilityGlobals) = postSolution
		SolutionGuid = {1F52AD1B-BDFB-4DCF-A166-35779EE3A369}
	EndGlobalSection
EndGlobal
